// !$*UTF8*$!
{
	archiveVersion = 1;
	classes = {
	};
	objectVersion = 46;
	objects = {

/* Begin PBXBuildFile section */
		0399500B7CC2D4A7533493CC /* Pods_TwitterAppUITests.framework in Frameworks */ = {isa = PBXBuildFile; fileRef = E86BB2937827A4AA6746BEE4 /* Pods_TwitterAppUITests.framework */; };
		32AE2FDD88125FBB6FA4C0D5 /* Pods_TwitterAppTests.framework in Frameworks */ = {isa = PBXBuildFile; fileRef = 06EF4CB6116FF0B23398D330 /* Pods_TwitterAppTests.framework */; };
		486876C11D61A1B20000A5FF /* AppDelegate.swift in Sources */ = {isa = PBXBuildFile; fileRef = 486876C01D61A1B20000A5FF /* AppDelegate.swift */; };
		486876C61D61A1B20000A5FF /* Main.storyboard in Resources */ = {isa = PBXBuildFile; fileRef = 486876C41D61A1B20000A5FF /* Main.storyboard */; };
		486876C81D61A1B20000A5FF /* Assets.xcassets in Resources */ = {isa = PBXBuildFile; fileRef = 486876C71D61A1B20000A5FF /* Assets.xcassets */; };
		486876CB1D61A1B20000A5FF /* LaunchScreen.storyboard in Resources */ = {isa = PBXBuildFile; fileRef = 486876C91D61A1B20000A5FF /* LaunchScreen.storyboard */; };
		486876D61D61A1B20000A5FF /* TwitterAppTests.swift in Sources */ = {isa = PBXBuildFile; fileRef = 486876D51D61A1B20000A5FF /* TwitterAppTests.swift */; };
		486876E11D61A1B20000A5FF /* TwitterAppUITests.swift in Sources */ = {isa = PBXBuildFile; fileRef = 486876E01D61A1B20000A5FF /* TwitterAppUITests.swift */; };
		486876EF1D61A36D0000A5FF /* LoginViewController.swift in Sources */ = {isa = PBXBuildFile; fileRef = 486876EE1D61A36D0000A5FF /* LoginViewController.swift */; };
		486876F61D627F8C0000A5FF /* Tweet.swift in Sources */ = {isa = PBXBuildFile; fileRef = 486876F51D627F8C0000A5FF /* Tweet.swift */; };
		486876F81D627F9E0000A5FF /* User.swift in Sources */ = {isa = PBXBuildFile; fileRef = 486876F71D627F9E0000A5FF /* User.swift */; };
		486876FC1D6289300000A5FF /* TwitterClient.swift in Sources */ = {isa = PBXBuildFile; fileRef = 486876FB1D6289300000A5FF /* TwitterClient.swift */; };
		486876FE1D629C2B0000A5FF /* TweetsViewController.swift in Sources */ = {isa = PBXBuildFile; fileRef = 486876FD1D629C2B0000A5FF /* TweetsViewController.swift */; };
		94945F607AC38BD237873E30 /* Pods_TwitterApp.framework in Frameworks */ = {isa = PBXBuildFile; fileRef = C780B14CAE18183B3902CA5D /* Pods_TwitterApp.framework */; };
/* End PBXBuildFile section */

/* Begin PBXContainerItemProxy section */
		486876D21D61A1B20000A5FF /* PBXContainerItemProxy */ = {
			isa = PBXContainerItemProxy;
			containerPortal = 486876B51D61A1B20000A5FF /* Project object */;
			proxyType = 1;
			remoteGlobalIDString = 486876BC1D61A1B20000A5FF;
			remoteInfo = TwitterApp;
		};
		486876DD1D61A1B20000A5FF /* PBXContainerItemProxy */ = {
			isa = PBXContainerItemProxy;
			containerPortal = 486876B51D61A1B20000A5FF /* Project object */;
			proxyType = 1;
			remoteGlobalIDString = 486876BC1D61A1B20000A5FF;
			remoteInfo = TwitterApp;
		};
/* End PBXContainerItemProxy section */

/* Begin PBXFileReference section */
		06EF4CB6116FF0B23398D330 /* Pods_TwitterAppTests.framework */ = {isa = PBXFileReference; explicitFileType = wrapper.framework; includeInIndex = 0; path = Pods_TwitterAppTests.framework; sourceTree = BUILT_PRODUCTS_DIR; };
		135CAA2EC5798A5B585EEA13 /* Pods-TwitterAppTests.release.xcconfig */ = {isa = PBXFileReference; includeInIndex = 1; lastKnownFileType = text.xcconfig; name = "Pods-TwitterAppTests.release.xcconfig"; path = "Pods/Target Support Files/Pods-TwitterAppTests/Pods-TwitterAppTests.release.xcconfig"; sourceTree = "<group>"; };
		38769983E7FCAEF3434A615D /* Pods-TwitterApp.debug.xcconfig */ = {isa = PBXFileReference; includeInIndex = 1; lastKnownFileType = text.xcconfig; name = "Pods-TwitterApp.debug.xcconfig"; path = "Pods/Target Support Files/Pods-TwitterApp/Pods-TwitterApp.debug.xcconfig"; sourceTree = "<group>"; };
		486876BD1D61A1B20000A5FF /* TwitterApp.app */ = {isa = PBXFileReference; explicitFileType = wrapper.application; includeInIndex = 0; path = TwitterApp.app; sourceTree = BUILT_PRODUCTS_DIR; };
		486876C01D61A1B20000A5FF /* AppDelegate.swift */ = {isa = PBXFileReference; lastKnownFileType = sourcecode.swift; path = AppDelegate.swift; sourceTree = "<group>"; };
		486876C51D61A1B20000A5FF /* Base */ = {isa = PBXFileReference; lastKnownFileType = file.storyboard; name = Base; path = Base.lproj/Main.storyboard; sourceTree = "<group>"; };
		486876C71D61A1B20000A5FF /* Assets.xcassets */ = {isa = PBXFileReference; lastKnownFileType = folder.assetcatalog; path = Assets.xcassets; sourceTree = "<group>"; };
		486876CA1D61A1B20000A5FF /* Base */ = {isa = PBXFileReference; lastKnownFileType = file.storyboard; name = Base; path = Base.lproj/LaunchScreen.storyboard; sourceTree = "<group>"; };
		486876CC1D61A1B20000A5FF /* Info.plist */ = {isa = PBXFileReference; lastKnownFileType = text.plist.xml; path = Info.plist; sourceTree = "<group>"; };
		486876D11D61A1B20000A5FF /* TwitterAppTests.xctest */ = {isa = PBXFileReference; explicitFileType = wrapper.cfbundle; includeInIndex = 0; path = TwitterAppTests.xctest; sourceTree = BUILT_PRODUCTS_DIR; };
		486876D51D61A1B20000A5FF /* TwitterAppTests.swift */ = {isa = PBXFileReference; lastKnownFileType = sourcecode.swift; path = TwitterAppTests.swift; sourceTree = "<group>"; };
		486876D71D61A1B20000A5FF /* Info.plist */ = {isa = PBXFileReference; lastKnownFileType = text.plist.xml; path = Info.plist; sourceTree = "<group>"; };
		486876DC1D61A1B20000A5FF /* TwitterAppUITests.xctest */ = {isa = PBXFileReference; explicitFileType = wrapper.cfbundle; includeInIndex = 0; path = TwitterAppUITests.xctest; sourceTree = BUILT_PRODUCTS_DIR; };
		486876E01D61A1B20000A5FF /* TwitterAppUITests.swift */ = {isa = PBXFileReference; lastKnownFileType = sourcecode.swift; path = TwitterAppUITests.swift; sourceTree = "<group>"; };
		486876E21D61A1B20000A5FF /* Info.plist */ = {isa = PBXFileReference; lastKnownFileType = text.plist.xml; path = Info.plist; sourceTree = "<group>"; };
		486876EE1D61A36D0000A5FF /* LoginViewController.swift */ = {isa = PBXFileReference; fileEncoding = 4; lastKnownFileType = sourcecode.swift; path = LoginViewController.swift; sourceTree = "<group>"; };
		486876F51D627F8C0000A5FF /* Tweet.swift */ = {isa = PBXFileReference; fileEncoding = 4; lastKnownFileType = sourcecode.swift; path = Tweet.swift; sourceTree = "<group>"; };
		486876F71D627F9E0000A5FF /* User.swift */ = {isa = PBXFileReference; fileEncoding = 4; lastKnownFileType = sourcecode.swift; path = User.swift; sourceTree = "<group>"; };
		486876FB1D6289300000A5FF /* TwitterClient.swift */ = {isa = PBXFileReference; fileEncoding = 4; lastKnownFileType = sourcecode.swift; path = TwitterClient.swift; sourceTree = "<group>"; };
		486876FD1D629C2B0000A5FF /* TweetsViewController.swift */ = {isa = PBXFileReference; fileEncoding = 4; lastKnownFileType = sourcecode.swift; path = TweetsViewController.swift; sourceTree = "<group>"; };
		89B3C0C501F5EE9E2CF6692C /* Pods-TwitterApp.release.xcconfig */ = {isa = PBXFileReference; includeInIndex = 1; lastKnownFileType = text.xcconfig; name = "Pods-TwitterApp.release.xcconfig"; path = "Pods/Target Support Files/Pods-TwitterApp/Pods-TwitterApp.release.xcconfig"; sourceTree = "<group>"; };
		A1AF00A8E203BE6644DBDFFF /* Pods-TwitterAppUITests.debug.xcconfig */ = {isa = PBXFileReference; includeInIndex = 1; lastKnownFileType = text.xcconfig; name = "Pods-TwitterAppUITests.debug.xcconfig"; path = "Pods/Target Support Files/Pods-TwitterAppUITests/Pods-TwitterAppUITests.debug.xcconfig"; sourceTree = "<group>"; };
		C780B14CAE18183B3902CA5D /* Pods_TwitterApp.framework */ = {isa = PBXFileReference; explicitFileType = wrapper.framework; includeInIndex = 0; path = Pods_TwitterApp.framework; sourceTree = BUILT_PRODUCTS_DIR; };
		D40AE117C4EEDA37719BA7CC /* Pods-TwitterAppUITests.release.xcconfig */ = {isa = PBXFileReference; includeInIndex = 1; lastKnownFileType = text.xcconfig; name = "Pods-TwitterAppUITests.release.xcconfig"; path = "Pods/Target Support Files/Pods-TwitterAppUITests/Pods-TwitterAppUITests.release.xcconfig"; sourceTree = "<group>"; };
		E1F485ED2B4D70EB70DD47A6 /* Pods-TwitterAppTests.debug.xcconfig */ = {isa = PBXFileReference; includeInIndex = 1; lastKnownFileType = text.xcconfig; name = "Pods-TwitterAppTests.debug.xcconfig"; path = "Pods/Target Support Files/Pods-TwitterAppTests/Pods-TwitterAppTests.debug.xcconfig"; sourceTree = "<group>"; };
		E86BB2937827A4AA6746BEE4 /* Pods_TwitterAppUITests.framework */ = {isa = PBXFileReference; explicitFileType = wrapper.framework; includeInIndex = 0; path = Pods_TwitterAppUITests.framework; sourceTree = BUILT_PRODUCTS_DIR; };
/* End PBXFileReference section */

/* Begin PBXFrameworksBuildPhase section */
		486876BA1D61A1B20000A5FF /* Frameworks */ = {
			isa = PBXFrameworksBuildPhase;
			buildActionMask = 2147483647;
			files = (
				94945F607AC38BD237873E30 /* Pods_TwitterApp.framework in Frameworks */,
			);
			runOnlyForDeploymentPostprocessing = 0;
		};
		486876CE1D61A1B20000A5FF /* Frameworks */ = {
			isa = PBXFrameworksBuildPhase;
			buildActionMask = 2147483647;
			files = (
				32AE2FDD88125FBB6FA4C0D5 /* Pods_TwitterAppTests.framework in Frameworks */,
			);
			runOnlyForDeploymentPostprocessing = 0;
		};
		486876D91D61A1B20000A5FF /* Frameworks */ = {
			isa = PBXFrameworksBuildPhase;
			buildActionMask = 2147483647;
			files = (
				0399500B7CC2D4A7533493CC /* Pods_TwitterAppUITests.framework in Frameworks */,
			);
			runOnlyForDeploymentPostprocessing = 0;
		};
/* End PBXFrameworksBuildPhase section */

/* Begin PBXGroup section */
		486876B41D61A1B20000A5FF = {
			isa = PBXGroup;
			children = (
				486876BF1D61A1B20000A5FF /* TwitterApp */,
				486876D41D61A1B20000A5FF /* TwitterAppTests */,
				486876DF1D61A1B20000A5FF /* TwitterAppUITests */,
				486876BE1D61A1B20000A5FF /* Products */,
				8668D796B6666E1133228DB7 /* Pods */,
				D2C165DE756A3ACE210858BD /* Frameworks */,
			);
			sourceTree = "<group>";
		};
		486876BE1D61A1B20000A5FF /* Products */ = {
			isa = PBXGroup;
			children = (
				486876BD1D61A1B20000A5FF /* TwitterApp.app */,
				486876D11D61A1B20000A5FF /* TwitterAppTests.xctest */,
				486876DC1D61A1B20000A5FF /* TwitterAppUITests.xctest */,
			);
			name = Products;
			sourceTree = "<group>";
		};
		486876BF1D61A1B20000A5FF /* TwitterApp */ = {
			isa = PBXGroup;
			children = (
				486876F21D627F510000A5FF /* API */,
				486876F11D627F420000A5FF /* View Controllers */,
				486876F01D627F370000A5FF /* Models */,
				486876C01D61A1B20000A5FF /* AppDelegate.swift */,
				486876C41D61A1B20000A5FF /* Main.storyboard */,
				486876C71D61A1B20000A5FF /* Assets.xcassets */,
				486876C91D61A1B20000A5FF /* LaunchScreen.storyboard */,
				486876CC1D61A1B20000A5FF /* Info.plist */,
			);
			path = TwitterApp;
			sourceTree = "<group>";
		};
		486876D41D61A1B20000A5FF /* TwitterAppTests */ = {
			isa = PBXGroup;
			children = (
				486876D51D61A1B20000A5FF /* TwitterAppTests.swift */,
				486876D71D61A1B20000A5FF /* Info.plist */,
			);
			path = TwitterAppTests;
			sourceTree = "<group>";
		};
		486876DF1D61A1B20000A5FF /* TwitterAppUITests */ = {
			isa = PBXGroup;
			children = (
				486876E01D61A1B20000A5FF /* TwitterAppUITests.swift */,
				486876E21D61A1B20000A5FF /* Info.plist */,
			);
			path = TwitterAppUITests;
			sourceTree = "<group>";
		};
		486876F01D627F370000A5FF /* Models */ = {
			isa = PBXGroup;
			children = (
				486876F51D627F8C0000A5FF /* Tweet.swift */,
				486876F71D627F9E0000A5FF /* User.swift */,
			);
			name = Models;
			sourceTree = "<group>";
		};
		486876F11D627F420000A5FF /* View Controllers */ = {
			isa = PBXGroup;
			children = (
				486876EE1D61A36D0000A5FF /* LoginViewController.swift */,
				486876FD1D629C2B0000A5FF /* TweetsViewController.swift */,
			);
			name = "View Controllers";
			sourceTree = "<group>";
		};
		486876F21D627F510000A5FF /* API */ = {
			isa = PBXGroup;
			children = (
				486876FB1D6289300000A5FF /* TwitterClient.swift */,
			);
			name = API;
			sourceTree = "<group>";
		};
		8668D796B6666E1133228DB7 /* Pods */ = {
			isa = PBXGroup;
			children = (
				38769983E7FCAEF3434A615D /* Pods-TwitterApp.debug.xcconfig */,
				89B3C0C501F5EE9E2CF6692C /* Pods-TwitterApp.release.xcconfig */,
				E1F485ED2B4D70EB70DD47A6 /* Pods-TwitterAppTests.debug.xcconfig */,
				135CAA2EC5798A5B585EEA13 /* Pods-TwitterAppTests.release.xcconfig */,
				A1AF00A8E203BE6644DBDFFF /* Pods-TwitterAppUITests.debug.xcconfig */,
				D40AE117C4EEDA37719BA7CC /* Pods-TwitterAppUITests.release.xcconfig */,
			);
			name = Pods;
			sourceTree = "<group>";
		};
		D2C165DE756A3ACE210858BD /* Frameworks */ = {
			isa = PBXGroup;
			children = (
				C780B14CAE18183B3902CA5D /* Pods_TwitterApp.framework */,
				06EF4CB6116FF0B23398D330 /* Pods_TwitterAppTests.framework */,
				E86BB2937827A4AA6746BEE4 /* Pods_TwitterAppUITests.framework */,
			);
			name = Frameworks;
			sourceTree = "<group>";
		};
/* End PBXGroup section */

/* Begin PBXNativeTarget section */
		486876BC1D61A1B20000A5FF /* TwitterApp */ = {
			isa = PBXNativeTarget;
			buildConfigurationList = 486876E51D61A1B20000A5FF /* Build configuration list for PBXNativeTarget "TwitterApp" */;
			buildPhases = (
				2930481E51C34C4688480496 /* [CP] Check Pods Manifest.lock */,
				486876B91D61A1B20000A5FF /* Sources */,
				486876BA1D61A1B20000A5FF /* Frameworks */,
				486876BB1D61A1B20000A5FF /* Resources */,
				4ECCC2326455B8BD5C3997D8 /* [CP] Embed Pods Frameworks */,
				34CD9D34609A0CBAFF30BE5A /* [CP] Copy Pods Resources */,
			);
			buildRules = (
			);
			dependencies = (
			);
			name = TwitterApp;
			productName = TwitterApp;
			productReference = 486876BD1D61A1B20000A5FF /* TwitterApp.app */;
			productType = "com.apple.product-type.application";
		};
		486876D01D61A1B20000A5FF /* TwitterAppTests */ = {
			isa = PBXNativeTarget;
			buildConfigurationList = 486876E81D61A1B20000A5FF /* Build configuration list for PBXNativeTarget "TwitterAppTests" */;
			buildPhases = (
				E1764D39F832860A9C1965CB /* [CP] Check Pods Manifest.lock */,
				486876CD1D61A1B20000A5FF /* Sources */,
				486876CE1D61A1B20000A5FF /* Frameworks */,
				486876CF1D61A1B20000A5FF /* Resources */,
				8C3CC1B916A4D630E4EB9738 /* [CP] Embed Pods Frameworks */,
				62CAFEEDCB253797EC6CB5FA /* [CP] Copy Pods Resources */,
			);
			buildRules = (
			);
			dependencies = (
				486876D31D61A1B20000A5FF /* PBXTargetDependency */,
			);
			name = TwitterAppTests;
			productName = TwitterAppTests;
			productReference = 486876D11D61A1B20000A5FF /* TwitterAppTests.xctest */;
			productType = "com.apple.product-type.bundle.unit-test";
		};
		486876DB1D61A1B20000A5FF /* TwitterAppUITests */ = {
			isa = PBXNativeTarget;
			buildConfigurationList = 486876EB1D61A1B20000A5FF /* Build configuration list for PBXNativeTarget "TwitterAppUITests" */;
			buildPhases = (
				BED0C23F6031EB02E1A78094 /* [CP] Check Pods Manifest.lock */,
				486876D81D61A1B20000A5FF /* Sources */,
				486876D91D61A1B20000A5FF /* Frameworks */,
				486876DA1D61A1B20000A5FF /* Resources */,
				12DE8BAAAC97E4E9194244B1 /* [CP] Copy Pods Resources */,
			);
			buildRules = (
			);
			dependencies = (
				486876DE1D61A1B20000A5FF /* PBXTargetDependency */,
			);
			name = TwitterAppUITests;
			productName = TwitterAppUITests;
			productReference = 486876DC1D61A1B20000A5FF /* TwitterAppUITests.xctest */;
			productType = "com.apple.product-type.bundle.ui-testing";
		};
/* End PBXNativeTarget section */

/* Begin PBXProject section */
		486876B51D61A1B20000A5FF /* Project object */ = {
			isa = PBXProject;
			attributes = {
				LastSwiftUpdateCheck = 0730;
				LastUpgradeCheck = 0730;
				ORGANIZATIONNAME = ruiyang_wu;
				TargetAttributes = {
					486876BC1D61A1B20000A5FF = {
						CreatedOnToolsVersion = 7.3.1;
					};
					486876D01D61A1B20000A5FF = {
						CreatedOnToolsVersion = 7.3.1;
						TestTargetID = 486876BC1D61A1B20000A5FF;
					};
					486876DB1D61A1B20000A5FF = {
						CreatedOnToolsVersion = 7.3.1;
						TestTargetID = 486876BC1D61A1B20000A5FF;
					};
				};
			};
			buildConfigurationList = 486876B81D61A1B20000A5FF /* Build configuration list for PBXProject "TwitterApp" */;
			compatibilityVersion = "Xcode 3.2";
			developmentRegion = English;
			hasScannedForEncodings = 0;
			knownRegions = (
				en,
				Base,
			);
			mainGroup = 486876B41D61A1B20000A5FF;
			productRefGroup = 486876BE1D61A1B20000A5FF /* Products */;
			projectDirPath = "";
			projectRoot = "";
			targets = (
				486876BC1D61A1B20000A5FF /* TwitterApp */,
				486876D01D61A1B20000A5FF /* TwitterAppTests */,
				486876DB1D61A1B20000A5FF /* TwitterAppUITests */,
			);
		};
/* End PBXProject section */

/* Begin PBXResourcesBuildPhase section */
		486876BB1D61A1B20000A5FF /* Resources */ = {
			isa = PBXResourcesBuildPhase;
			buildActionMask = 2147483647;
			files = (
				486876CB1D61A1B20000A5FF /* LaunchScreen.storyboard in Resources */,
				486876C81D61A1B20000A5FF /* Assets.xcassets in Resources */,
				486876C61D61A1B20000A5FF /* Main.storyboard in Resources */,
			);
			runOnlyForDeploymentPostprocessing = 0;
		};
		486876CF1D61A1B20000A5FF /* Resources */ = {
			isa = PBXResourcesBuildPhase;
			buildActionMask = 2147483647;
			files = (
			);
			runOnlyForDeploymentPostprocessing = 0;
		};
		486876DA1D61A1B20000A5FF /* Resources */ = {
			isa = PBXResourcesBuildPhase;
			buildActionMask = 2147483647;
			files = (
			);
			runOnlyForDeploymentPostprocessing = 0;
		};
/* End PBXResourcesBuildPhase section */

/* Begin PBXShellScriptBuildPhase section */
		12DE8BAAAC97E4E9194244B1 /* [CP] Copy Pods Resources */ = {
			isa = PBXShellScriptBuildPhase;
			buildActionMask = 2147483647;
			files = (
			);
			inputPaths = (
			);
			name = "[CP] Copy Pods Resources";
			outputPaths = (
			);
			runOnlyForDeploymentPostprocessing = 0;
			shellPath = /bin/sh;
			shellScript = "\"${SRCROOT}/Pods/Target Support Files/Pods-TwitterAppUITests/Pods-TwitterAppUITests-resources.sh\"\n";
			showEnvVarsInLog = 0;
		};
		2930481E51C34C4688480496 /* [CP] Check Pods Manifest.lock */ = {
			isa = PBXShellScriptBuildPhase;
			buildActionMask = 2147483647;
			files = (
			);
			inputPaths = (
			);
			name = "[CP] Check Pods Manifest.lock";
			outputPaths = (
			);
			runOnlyForDeploymentPostprocessing = 0;
			shellPath = /bin/sh;
			shellScript = "diff \"${PODS_ROOT}/../Podfile.lock\" \"${PODS_ROOT}/Manifest.lock\" > /dev/null\nif [[ $? != 0 ]] ; then\n    cat << EOM\nerror: The sandbox is not in sync with the Podfile.lock. Run 'pod install' or update your CocoaPods installation.\nEOM\n    exit 1\nfi\n";
			showEnvVarsInLog = 0;
		};
		34CD9D34609A0CBAFF30BE5A /* [CP] Copy Pods Resources */ = {
			isa = PBXShellScriptBuildPhase;
			buildActionMask = 2147483647;
			files = (
			);
			inputPaths = (
			);
			name = "[CP] Copy Pods Resources";
			outputPaths = (
			);
			runOnlyForDeploymentPostprocessing = 0;
			shellPath = /bin/sh;
			shellScript = "\"${SRCROOT}/Pods/Target Support Files/Pods-TwitterApp/Pods-TwitterApp-resources.sh\"\n";
			showEnvVarsInLog = 0;
		};
		4ECCC2326455B8BD5C3997D8 /* [CP] Embed Pods Frameworks */ = {
			isa = PBXShellScriptBuildPhase;
			buildActionMask = 2147483647;
			files = (
			);
			inputPaths = (
			);
			name = "[CP] Embed Pods Frameworks";
			outputPaths = (
			);
			runOnlyForDeploymentPostprocessing = 0;
			shellPath = /bin/sh;
			shellScript = "\"${SRCROOT}/Pods/Target Support Files/Pods-TwitterApp/Pods-TwitterApp-frameworks.sh\"\n";
			showEnvVarsInLog = 0;
		};
		62CAFEEDCB253797EC6CB5FA /* [CP] Copy Pods Resources */ = {
			isa = PBXShellScriptBuildPhase;
			buildActionMask = 2147483647;
			files = (
			);
			inputPaths = (
			);
			name = "[CP] Copy Pods Resources";
			outputPaths = (
			);
			runOnlyForDeploymentPostprocessing = 0;
			shellPath = /bin/sh;
			shellScript = "\"${SRCROOT}/Pods/Target Support Files/Pods-TwitterAppTests/Pods-TwitterAppTests-resources.sh\"\n";
			showEnvVarsInLog = 0;
		};
		8C3CC1B916A4D630E4EB9738 /* [CP] Embed Pods Frameworks */ = {
			isa = PBXShellScriptBuildPhase;
			buildActionMask = 2147483647;
			files = (
			);
			inputPaths = (
			);
			name = "[CP] Embed Pods Frameworks";
			outputPaths = (
			);
			runOnlyForDeploymentPostprocessing = 0;
			shellPath = /bin/sh;
			shellScript = "\"${SRCROOT}/Pods/Target Support Files/Pods-TwitterAppTests/Pods-TwitterAppTests-frameworks.sh\"\n";
			showEnvVarsInLog = 0;
		};
		BED0C23F6031EB02E1A78094 /* [CP] Check Pods Manifest.lock */ = {
			isa = PBXShellScriptBuildPhase;
			buildActionMask = 2147483647;
			files = (
			);
			inputPaths = (
			);
			name = "[CP] Check Pods Manifest.lock";
			outputPaths = (
			);
			runOnlyForDeploymentPostprocessing = 0;
			shellPath = /bin/sh;
			shellScript = "diff \"${PODS_ROOT}/../Podfile.lock\" \"${PODS_ROOT}/Manifest.lock\" > /dev/null\nif [[ $? != 0 ]] ; then\n    cat << EOM\nerror: The sandbox is not in sync with the Podfile.lock. Run 'pod install' or update your CocoaPods installation.\nEOM\n    exit 1\nfi\n";
			showEnvVarsInLog = 0;
		};
		E1764D39F832860A9C1965CB /* [CP] Check Pods Manifest.lock */ = {
			isa = PBXShellScriptBuildPhase;
			buildActionMask = 2147483647;
			files = (
			);
			inputPaths = (
			);
			name = "[CP] Check Pods Manifest.lock";
			outputPaths = (
			);
			runOnlyForDeploymentPostprocessing = 0;
			shellPath = /bin/sh;
			shellScript = "diff \"${PODS_ROOT}/../Podfile.lock\" \"${PODS_ROOT}/Manifest.lock\" > /dev/null\nif [[ $? != 0 ]] ; then\n    cat << EOM\nerror: The sandbox is not in sync with the Podfile.lock. Run 'pod install' or update your CocoaPods installation.\nEOM\n    exit 1\nfi\n";
			showEnvVarsInLog = 0;
		};
/* End PBXShellScriptBuildPhase section */

/* Begin PBXSourcesBuildPhase section */
		486876B91D61A1B20000A5FF /* Sources */ = {
			isa = PBXSourcesBuildPhase;
			buildActionMask = 2147483647;
			files = (
				486876F61D627F8C0000A5FF /* Tweet.swift in Sources */,
				486876EF1D61A36D0000A5FF /* LoginViewController.swift in Sources */,
				486876F81D627F9E0000A5FF /* User.swift in Sources */,
				486876FE1D629C2B0000A5FF /* TweetsViewController.swift in Sources */,
				486876FC1D6289300000A5FF /* TwitterClient.swift in Sources */,
				486876C11D61A1B20000A5FF /* AppDelegate.swift in Sources */,
			);
			runOnlyForDeploymentPostprocessing = 0;
		};
		486876CD1D61A1B20000A5FF /* Sources */ = {
			isa = PBXSourcesBuildPhase;
			buildActionMask = 2147483647;
			files = (
				486876D61D61A1B20000A5FF /* TwitterAppTests.swift in Sources */,
			);
			runOnlyForDeploymentPostprocessing = 0;
		};
		486876D81D61A1B20000A5FF /* Sources */ = {
			isa = PBXSourcesBuildPhase;
			buildActionMask = 2147483647;
			files = (
				486876E11D61A1B20000A5FF /* TwitterAppUITests.swift in Sources */,
			);
			runOnlyForDeploymentPostprocessing = 0;
		};
/* End PBXSourcesBuildPhase section */

/* Begin PBXTargetDependency section */
		486876D31D61A1B20000A5FF /* PBXTargetDependency */ = {
			isa = PBXTargetDependency;
			target = 486876BC1D61A1B20000A5FF /* TwitterApp */;
			targetProxy = 486876D21D61A1B20000A5FF /* PBXContainerItemProxy */;
		};
		486876DE1D61A1B20000A5FF /* PBXTargetDependency */ = {
			isa = PBXTargetDependency;
			target = 486876BC1D61A1B20000A5FF /* TwitterApp */;
			targetProxy = 486876DD1D61A1B20000A5FF /* PBXContainerItemProxy */;
		};
/* End PBXTargetDependency section */

/* Begin PBXVariantGroup section */
		486876C41D61A1B20000A5FF /* Main.storyboard */ = {
			isa = PBXVariantGroup;
			children = (
				486876C51D61A1B20000A5FF /* Base */,
			);
			name = Main.storyboard;
			sourceTree = "<group>";
		};
		486876C91D61A1B20000A5FF /* LaunchScreen.storyboard */ = {
			isa = PBXVariantGroup;
			children = (
				486876CA1D61A1B20000A5FF /* Base */,
			);
			name = LaunchScreen.storyboard;
			sourceTree = "<group>";
		};
/* End PBXVariantGroup section */

/* Begin XCBuildConfiguration section */
		486876E31D61A1B20000A5FF /* Debug */ = {
			isa = XCBuildConfiguration;
			buildSettings = {
				ALWAYS_SEARCH_USER_PATHS = NO;
				CLANG_ANALYZER_NONNULL = YES;
				CLANG_CXX_LANGUAGE_STANDARD = "gnu++0x";
				CLANG_CXX_LIBRARY = "libc++";
				CLANG_ENABLE_MODULES = YES;
				CLANG_ENABLE_OBJC_ARC = YES;
				CLANG_WARN_BOOL_CONVERSION = YES;
				CLANG_WARN_CONSTANT_CONVERSION = YES;
				CLANG_WARN_DIRECT_OBJC_ISA_USAGE = YES_ERROR;
				CLANG_WARN_EMPTY_BODY = YES;
				CLANG_WARN_ENUM_CONVERSION = YES;
				CLANG_WARN_INT_CONVERSION = YES;
				CLANG_WARN_OBJC_ROOT_CLASS = YES_ERROR;
				CLANG_WARN_UNREACHABLE_CODE = YES;
				CLANG_WARN__DUPLICATE_METHOD_MATCH = YES;
				"CODE_SIGN_IDENTITY[sdk=iphoneos*]" = "iPhone Developer";
				COPY_PHASE_STRIP = NO;
				DEBUG_INFORMATION_FORMAT = dwarf;
				ENABLE_STRICT_OBJC_MSGSEND = YES;
				ENABLE_TESTABILITY = YES;
				GCC_C_LANGUAGE_STANDARD = gnu99;
				GCC_DYNAMIC_NO_PIC = NO;
				GCC_NO_COMMON_BLOCKS = YES;
				GCC_OPTIMIZATION_LEVEL = 0;
				GCC_PREPROCESSOR_DEFINITIONS = (
					"DEBUG=1",
					"$(inherited)",
				);
				GCC_WARN_64_TO_32_BIT_CONVERSION = YES;
				GCC_WARN_ABOUT_RETURN_TYPE = YES_ERROR;
				GCC_WARN_UNDECLARED_SELECTOR = YES;
				GCC_WARN_UNINITIALIZED_AUTOS = YES_AGGRESSIVE;
				GCC_WARN_UNUSED_FUNCTION = YES;
				GCC_WARN_UNUSED_VARIABLE = YES;
				IPHONEOS_DEPLOYMENT_TARGET = 9.3;
				MTL_ENABLE_DEBUG_INFO = YES;
				ONLY_ACTIVE_ARCH = YES;
				SDKROOT = iphoneos;
				SWIFT_OPTIMIZATION_LEVEL = "-Onone";
			};
			name = Debug;
		};
		486876E41D61A1B20000A5FF /* Release */ = {
			isa = XCBuildConfiguration;
			buildSettings = {
				ALWAYS_SEARCH_USER_PATHS = NO;
				CLANG_ANALYZER_NONNULL = YES;
				CLANG_CXX_LANGUAGE_STANDARD = "gnu++0x";
				CLANG_CXX_LIBRARY = "libc++";
				CLANG_ENABLE_MODULES = YES;
				CLANG_ENABLE_OBJC_ARC = YES;
				CLANG_WARN_BOOL_CONVERSION = YES;
				CLANG_WARN_CONSTANT_CONVERSION = YES;
				CLANG_WARN_DIRECT_OBJC_ISA_USAGE = YES_ERROR;
				CLANG_WARN_EMPTY_BODY = YES;
				CLANG_WARN_ENUM_CONVERSION = YES;
				CLANG_WARN_INT_CONVERSION = YES;
				CLANG_WARN_OBJC_ROOT_CLASS = YES_ERROR;
				CLANG_WARN_UNREACHABLE_CODE = YES;
				CLANG_WARN__DUPLICATE_METHOD_MATCH = YES;
				"CODE_SIGN_IDENTITY[sdk=iphoneos*]" = "iPhone Developer";
				COPY_PHASE_STRIP = NO;
				DEBUG_INFORMATION_FORMAT = "dwarf-with-dsym";
				ENABLE_NS_ASSERTIONS = NO;
				ENABLE_STRICT_OBJC_MSGSEND = YES;
				GCC_C_LANGUAGE_STANDARD = gnu99;
				GCC_NO_COMMON_BLOCKS = YES;
				GCC_WARN_64_TO_32_BIT_CONVERSION = YES;
				GCC_WARN_ABOUT_RETURN_TYPE = YES_ERROR;
				GCC_WARN_UNDECLARED_SELECTOR = YES;
				GCC_WARN_UNINITIALIZED_AUTOS = YES_AGGRESSIVE;
				GCC_WARN_UNUSED_FUNCTION = YES;
				GCC_WARN_UNUSED_VARIABLE = YES;
				IPHONEOS_DEPLOYMENT_TARGET = 9.3;
				MTL_ENABLE_DEBUG_INFO = NO;
				SDKROOT = iphoneos;
				VALIDATE_PRODUCT = YES;
			};
			name = Release;
		};
		486876E61D61A1B20000A5FF /* Debug */ = {
			isa = XCBuildConfiguration;
			baseConfigurationReference = 38769983E7FCAEF3434A615D /* Pods-TwitterApp.debug.xcconfig */;
			buildSettings = {
				ASSETCATALOG_COMPILER_APPICON_NAME = AppIcon;
				INFOPLIST_FILE = TwitterApp/Info.plist;
				LD_RUNPATH_SEARCH_PATHS = "$(inherited) @executable_path/Frameworks";
				PRODUCT_BUNDLE_IDENTIFIER = ruiyangwu.TwitterApp;
				PRODUCT_NAME = "$(TARGET_NAME)";
			};
			name = Debug;
		};
		486876E71D61A1B20000A5FF /* Release */ = {
			isa = XCBuildConfiguration;
			baseConfigurationReference = 89B3C0C501F5EE9E2CF6692C /* Pods-TwitterApp.release.xcconfig */;
			buildSettings = {
				ASSETCATALOG_COMPILER_APPICON_NAME = AppIcon;
				INFOPLIST_FILE = TwitterApp/Info.plist;
				LD_RUNPATH_SEARCH_PATHS = "$(inherited) @executable_path/Frameworks";
				PRODUCT_BUNDLE_IDENTIFIER = ruiyangwu.TwitterApp;
				PRODUCT_NAME = "$(TARGET_NAME)";
			};
			name = Release;
		};
		486876E91D61A1B20000A5FF /* Debug */ = {
			isa = XCBuildConfiguration;
			baseConfigurationReference = E1F485ED2B4D70EB70DD47A6 /* Pods-TwitterAppTests.debug.xcconfig */;
			buildSettings = {
				BUNDLE_LOADER = "$(TEST_HOST)";
				INFOPLIST_FILE = TwitterAppTests/Info.plist;
				LD_RUNPATH_SEARCH_PATHS = "$(inherited) @executable_path/Frameworks @loader_path/Frameworks";
				PRODUCT_BUNDLE_IDENTIFIER = ruiyangwu.TwitterAppTests;
				PRODUCT_NAME = "$(TARGET_NAME)";
				TEST_HOST = "$(BUILT_PRODUCTS_DIR)/TwitterApp.app/TwitterApp";
			};
			name = Debug;
		};
		486876EA1D61A1B20000A5FF /* Release */ = {
			isa = XCBuildConfiguration;
			baseConfigurationReference = 135CAA2EC5798A5B585EEA13 /* Pods-TwitterAppTests.release.xcconfig */;
			buildSettings = {
				BUNDLE_LOADER = "$(TEST_HOST)";
				INFOPLIST_FILE = TwitterAppTests/Info.plist;
				LD_RUNPATH_SEARCH_PATHS = "$(inherited) @executable_path/Frameworks @loader_path/Frameworks";
				PRODUCT_BUNDLE_IDENTIFIER = ruiyangwu.TwitterAppTests;
				PRODUCT_NAME = "$(TARGET_NAME)";
				TEST_HOST = "$(BUILT_PRODUCTS_DIR)/TwitterApp.app/TwitterApp";
			};
			name = Release;
		};
		486876EC1D61A1B20000A5FF /* Debug */ = {
			isa = XCBuildConfiguration;
			baseConfigurationReference = A1AF00A8E203BE6644DBDFFF /* Pods-TwitterAppUITests.debug.xcconfig */;
			buildSettings = {
				INFOPLIST_FILE = TwitterAppUITests/Info.plist;
				LD_RUNPATH_SEARCH_PATHS = "$(inherited) @executable_path/Frameworks @loader_path/Frameworks";
				PRODUCT_BUNDLE_IDENTIFIER = ruiyangwu.TwitterAppUITests;
				PRODUCT_NAME = "$(TARGET_NAME)";
				TEST_TARGET_NAME = TwitterApp;
			};
			name = Debug;
		};
		486876ED1D61A1B20000A5FF /* Release */ = {
			isa = XCBuildConfiguration;
			baseConfigurationReference = D40AE117C4EEDA37719BA7CC /* Pods-TwitterAppUITests.release.xcconfig */;
			buildSettings = {
				INFOPLIST_FILE = TwitterAppUITests/Info.plist;
				LD_RUNPATH_SEARCH_PATHS = "$(inherited) @executable_path/Frameworks @loader_path/Frameworks";
				PRODUCT_BUNDLE_IDENTIFIER = ruiyangwu.TwitterAppUITests;
				PRODUCT_NAME = "$(TARGET_NAME)";
				TEST_TARGET_NAME = TwitterApp;
			};
			name = Release;
		};
/* End XCBuildConfiguration section */

/* Begin XCConfigurationList section */
		486876B81D61A1B20000A5FF /* Build configuration list for PBXProject "TwitterApp" */ = {
			isa = XCConfigurationList;
			buildConfigurations = (
				486876E31D61A1B20000A5FF /* Debug */,
				486876E41D61A1B20000A5FF /* Release */,
			);
			defaultConfigurationIsVisible = 0;
			defaultConfigurationName = Release;
		};
		486876E51D61A1B20000A5FF /* Build configuration list for PBXNativeTarget "TwitterApp" */ = {
			isa = XCConfigurationList;
			buildConfigurations = (
				486876E61D61A1B20000A5FF /* Debug */,
				486876E71D61A1B20000A5FF /* Release */,
			);
			defaultConfigurationIsVisible = 0;
			defaultConfigurationName = Release;
		};
		486876E81D61A1B20000A5FF /* Build configuration list for PBXNativeTarget "TwitterAppTests" */ = {
			isa = XCConfigurationList;
			buildConfigurations = (
				486876E91D61A1B20000A5FF /* Debug */,
				486876EA1D61A1B20000A5FF /* Release */,
			);
			defaultConfigurationIsVisible = 0;
			defaultConfigurationName = Release;
		};
		486876EB1D61A1B20000A5FF /* Build configuration list for PBXNativeTarget "TwitterAppUITests" */ = {
			isa = XCConfigurationList;
			buildConfigurations = (
				486876EC1D61A1B20000A5FF /* Debug */,
				486876ED1D61A1B20000A5FF /* Release */,
			);
			defaultConfigurationIsVisible = 0;
			defaultConfigurationName = Release;
		};
/* End XCConfigurationList section */
	};
	rootObject = 486876B51D61A1B20000A5FF /* Project object */;
}
